// !$*UTF8*$!
{
	archiveVersion = 1;
	classes = {
	};
	objectVersion = 56;
	objects = {

/* Begin PBXBuildFile section */
		B31BB12429F8ECD200431947 /* X32OSCComms.swift in Sources */ = {isa = PBXBuildFile; fileRef = B31BB12329F8ECD200431947 /* X32OSCComms.swift */; };
		B31BB12629FB85EB00431947 /* ControlViewModel.swift in Sources */ = {isa = PBXBuildFile; fileRef = B31BB12529FB85EB00431947 /* ControlViewModel.swift */; };
		B31BB12829FCDB1100431947 /* ContentView.swift in Sources */ = {isa = PBXBuildFile; fileRef = B31BB12729FCDB1100431947 /* ContentView.swift */; };
		B31BB12A29FCDB6100431947 /* SettingsView.swift in Sources */ = {isa = PBXBuildFile; fileRef = B31BB12929FCDB6100431947 /* SettingsView.swift */; };
		B31BB12C29FCDB9300431947 /* BusMasterView.swift in Sources */ = {isa = PBXBuildFile; fileRef = B31BB12B29FCDB9300431947 /* BusMasterView.swift */; };
		B31BB1302A01E3A800431947 /* MixerManager.swift in Sources */ = {isa = PBXBuildFile; fileRef = B31BB12F2A01E3A800431947 /* MixerManager.swift */; };
		B31BB1322A02F36A00431947 /* SupportedMixers.swift in Sources */ = {isa = PBXBuildFile; fileRef = B31BB1312A02F36A00431947 /* SupportedMixers.swift */; };
		B31BB1362A04C7F800431947 /* MixerSelectionView.swift in Sources */ = {isa = PBXBuildFile; fileRef = B31BB1352A04C7F800431947 /* MixerSelectionView.swift */; };
		B31BB1382A04C9B600431947 /* MixerAddView.swift in Sources */ = {isa = PBXBuildFile; fileRef = B31BB1372A04C9B600431947 /* MixerAddView.swift */; };
		B3FA81CE29DD61BD00F8833A /* Mute_and_SendApp.swift in Sources */ = {isa = PBXBuildFile; fileRef = B3FA81CD29DD61BD00F8833A /* Mute_and_SendApp.swift */; };
		B3FA81D029DD61BD00F8833A /* FaderMuteView.swift in Sources */ = {isa = PBXBuildFile; fileRef = B3FA81CF29DD61BD00F8833A /* FaderMuteView.swift */; };
		B3FA81D229DD61BF00F8833A /* Assets.xcassets in Resources */ = {isa = PBXBuildFile; fileRef = B3FA81D129DD61BF00F8833A /* Assets.xcassets */; };
		B3FA81D529DD61BF00F8833A /* Preview Assets.xcassets in Resources */ = {isa = PBXBuildFile; fileRef = B3FA81D429DD61BF00F8833A /* Preview Assets.xcassets */; };
		B3FA81DC29DD61F500F8833A /* ChannelRowView.swift in Sources */ = {isa = PBXBuildFile; fileRef = B3FA81DB29DD61F500F8833A /* ChannelRowView.swift */; };
		B3FA81DE29DD64EE00F8833A /* ChannelSendView.swift in Sources */ = {isa = PBXBuildFile; fileRef = B3FA81DD29DD64EE00F8833A /* ChannelSendView.swift */; };
/* End PBXBuildFile section */

/* Begin PBXFileReference section */
		B31BB12329F8ECD200431947 /* X32OSCComms.swift */ = {isa = PBXFileReference; lastKnownFileType = sourcecode.swift; path = X32OSCComms.swift; sourceTree = "<group>"; };
		B31BB12529FB85EB00431947 /* ControlViewModel.swift */ = {isa = PBXFileReference; lastKnownFileType = sourcecode.swift; path = ControlViewModel.swift; sourceTree = "<group>"; };
		B31BB12729FCDB1100431947 /* ContentView.swift */ = {isa = PBXFileReference; lastKnownFileType = sourcecode.swift; path = ContentView.swift; sourceTree = "<group>"; };
		B31BB12929FCDB6100431947 /* SettingsView.swift */ = {isa = PBXFileReference; lastKnownFileType = sourcecode.swift; path = SettingsView.swift; sourceTree = "<group>"; };
		B31BB12B29FCDB9300431947 /* BusMasterView.swift */ = {isa = PBXFileReference; lastKnownFileType = sourcecode.swift; path = BusMasterView.swift; sourceTree = "<group>"; };
		B31BB12F2A01E3A800431947 /* MixerManager.swift */ = {isa = PBXFileReference; lastKnownFileType = sourcecode.swift; path = MixerManager.swift; sourceTree = "<group>"; };
		B31BB1312A02F36A00431947 /* SupportedMixers.swift */ = {isa = PBXFileReference; lastKnownFileType = sourcecode.swift; path = SupportedMixers.swift; sourceTree = "<group>"; };
		B31BB1352A04C7F800431947 /* MixerSelectionView.swift */ = {isa = PBXFileReference; lastKnownFileType = sourcecode.swift; path = MixerSelectionView.swift; sourceTree = "<group>"; };
		B31BB1372A04C9B600431947 /* MixerAddView.swift */ = {isa = PBXFileReference; lastKnownFileType = sourcecode.swift; path = MixerAddView.swift; sourceTree = "<group>"; };
		B3FA81CA29DD61BD00F8833A /* Mute and Send.app */ = {isa = PBXFileReference; explicitFileType = wrapper.application; includeInIndex = 0; path = "Mute and Send.app"; sourceTree = BUILT_PRODUCTS_DIR; };
		B3FA81CD29DD61BD00F8833A /* Mute_and_SendApp.swift */ = {isa = PBXFileReference; lastKnownFileType = sourcecode.swift; path = Mute_and_SendApp.swift; sourceTree = "<group>"; };
		B3FA81CF29DD61BD00F8833A /* FaderMuteView.swift */ = {isa = PBXFileReference; lastKnownFileType = sourcecode.swift; path = FaderMuteView.swift; sourceTree = "<group>"; };
		B3FA81D129DD61BF00F8833A /* Assets.xcassets */ = {isa = PBXFileReference; lastKnownFileType = folder.assetcatalog; path = Assets.xcassets; sourceTree = "<group>"; };
		B3FA81D429DD61BF00F8833A /* Preview Assets.xcassets */ = {isa = PBXFileReference; lastKnownFileType = folder.assetcatalog; path = "Preview Assets.xcassets"; sourceTree = "<group>"; };
		B3FA81DB29DD61F500F8833A /* ChannelRowView.swift */ = {isa = PBXFileReference; lastKnownFileType = sourcecode.swift; path = ChannelRowView.swift; sourceTree = "<group>"; };
		B3FA81DD29DD64EE00F8833A /* ChannelSendView.swift */ = {isa = PBXFileReference; lastKnownFileType = sourcecode.swift; path = ChannelSendView.swift; sourceTree = "<group>"; };
/* End PBXFileReference section */

/* Begin PBXFrameworksBuildPhase section */
		B3FA81C729DD61BD00F8833A /* Frameworks */ = {
			isa = PBXFrameworksBuildPhase;
			buildActionMask = 2147483647;
			files = (
			);
			runOnlyForDeploymentPostprocessing = 0;
		};
/* End PBXFrameworksBuildPhase section */

/* Begin PBXGroup section */
		B3FA81C129DD61BD00F8833A = {
			isa = PBXGroup;
			children = (
				B3FA81CC29DD61BD00F8833A /* Mute and Send */,
				B3FA81CB29DD61BD00F8833A /* Products */,
			);
			sourceTree = "<group>";
		};
		B3FA81CB29DD61BD00F8833A /* Products */ = {
			isa = PBXGroup;
			children = (
				B3FA81CA29DD61BD00F8833A /* Mute and Send.app */,
			);
			name = Products;
			sourceTree = "<group>";
		};
		B3FA81CC29DD61BD00F8833A /* Mute and Send */ = {
			isa = PBXGroup;
			children = (
				B31BB12929FCDB6100431947 /* SettingsView.swift */,
				B3FA81CD29DD61BD00F8833A /* Mute_and_SendApp.swift */,
				B3FA81CF29DD61BD00F8833A /* FaderMuteView.swift */,
				B31BB12729FCDB1100431947 /* ContentView.swift */,
				B31BB1352A04C7F800431947 /* MixerSelectionView.swift */,
				B31BB1372A04C9B600431947 /* MixerAddView.swift */,
				B31BB12B29FCDB9300431947 /* BusMasterView.swift */,
				B3FA81DB29DD61F500F8833A /* ChannelRowView.swift */,
				B3FA81DD29DD64EE00F8833A /* ChannelSendView.swift */,
				B3FA81D129DD61BF00F8833A /* Assets.xcassets */,
				B3FA81D329DD61BF00F8833A /* Preview Content */,
				B31BB12329F8ECD200431947 /* X32OSCComms.swift */,
				B31BB12529FB85EB00431947 /* ControlViewModel.swift */,
				B31BB12F2A01E3A800431947 /* MixerManager.swift */,
				B31BB1312A02F36A00431947 /* SupportedMixers.swift */,
			);
			path = "Mute and Send";
			sourceTree = "<group>";
		};
		B3FA81D329DD61BF00F8833A /* Preview Content */ = {
			isa = PBXGroup;
			children = (
				B3FA81D429DD61BF00F8833A /* Preview Assets.xcassets */,
			);
			path = "Preview Content";
			sourceTree = "<group>";
		};
/* End PBXGroup section */

/* Begin PBXNativeTarget section */
		B3FA81C929DD61BD00F8833A /* Mute and Send */ = {
			isa = PBXNativeTarget;
			buildConfigurationList = B3FA81D829DD61BF00F8833A /* Build configuration list for PBXNativeTarget "Mute and Send" */;
			buildPhases = (
				B3FA81C629DD61BD00F8833A /* Sources */,
				B3FA81C729DD61BD00F8833A /* Frameworks */,
				B3FA81C829DD61BD00F8833A /* Resources */,
			);
			buildRules = (
			);
			dependencies = (
			);
			name = "Mute and Send";
			productName = "Mute and Send";
			productReference = B3FA81CA29DD61BD00F8833A /* Mute and Send.app */;
			productType = "com.apple.product-type.application";
		};
/* End PBXNativeTarget section */

/* Begin PBXProject section */
		B3FA81C229DD61BD00F8833A /* Project object */ = {
			isa = PBXProject;
			attributes = {
				BuildIndependentTargetsInParallel = 1;
				LastSwiftUpdateCheck = 1420;
				LastUpgradeCheck = 1420;
				TargetAttributes = {
					B3FA81C929DD61BD00F8833A = {
						CreatedOnToolsVersion = 14.2;
					};
				};
			};
			buildConfigurationList = B3FA81C529DD61BD00F8833A /* Build configuration list for PBXProject "Mute and Send" */;
			compatibilityVersion = "Xcode 14.0";
			developmentRegion = en;
			hasScannedForEncodings = 0;
			knownRegions = (
				en,
				Base,
			);
			mainGroup = B3FA81C129DD61BD00F8833A;
			productRefGroup = B3FA81CB29DD61BD00F8833A /* Products */;
			projectDirPath = "";
			projectRoot = "";
			targets = (
				B3FA81C929DD61BD00F8833A /* Mute and Send */,
			);
		};
/* End PBXProject section */

/* Begin PBXResourcesBuildPhase section */
		B3FA81C829DD61BD00F8833A /* Resources */ = {
			isa = PBXResourcesBuildPhase;
			buildActionMask = 2147483647;
			files = (
				B3FA81D529DD61BF00F8833A /* Preview Assets.xcassets in Resources */,
				B3FA81D229DD61BF00F8833A /* Assets.xcassets in Resources */,
			);
			runOnlyForDeploymentPostprocessing = 0;
		};
/* End PBXResourcesBuildPhase section */

/* Begin PBXSourcesBuildPhase section */
		B3FA81C629DD61BD00F8833A /* Sources */ = {
			isa = PBXSourcesBuildPhase;
			buildActionMask = 2147483647;
			files = (
				B31BB1322A02F36A00431947 /* SupportedMixers.swift in Sources */,
				B31BB1362A04C7F800431947 /* MixerSelectionView.swift in Sources */,
				B3FA81D029DD61BD00F8833A /* FaderMuteView.swift in Sources */,
				B31BB1382A04C9B600431947 /* MixerAddView.swift in Sources */,
				B31BB12A29FCDB6100431947 /* SettingsView.swift in Sources */,
				B3FA81CE29DD61BD00F8833A /* Mute_and_SendApp.swift in Sources */,
				B31BB1302A01E3A800431947 /* MixerManager.swift in Sources */,
				B31BB12829FCDB1100431947 /* ContentView.swift in Sources */,
				B31BB12629FB85EB00431947 /* ControlViewModel.swift in Sources */,
				B3FA81DE29DD64EE00F8833A /* ChannelSendView.swift in Sources */,
				B31BB12429F8ECD200431947 /* X32OSCComms.swift in Sources */,
				B3FA81DC29DD61F500F8833A /* ChannelRowView.swift in Sources */,
				B31BB12C29FCDB9300431947 /* BusMasterView.swift in Sources */,
			);
			runOnlyForDeploymentPostprocessing = 0;
		};
/* End PBXSourcesBuildPhase section */

/* Begin XCBuildConfiguration section */
		B3FA81D629DD61BF00F8833A /* Debug */ = {
			isa = XCBuildConfiguration;
			buildSettings = {
				ALWAYS_SEARCH_USER_PATHS = NO;
				CLANG_ANALYZER_NONNULL = YES;
				CLANG_ANALYZER_NUMBER_OBJECT_CONVERSION = YES_AGGRESSIVE;
				CLANG_CXX_LANGUAGE_STANDARD = "gnu++20";
				CLANG_ENABLE_MODULES = YES;
				CLANG_ENABLE_OBJC_ARC = YES;
				CLANG_ENABLE_OBJC_WEAK = YES;
				CLANG_WARN_BLOCK_CAPTURE_AUTORELEASING = YES;
				CLANG_WARN_BOOL_CONVERSION = YES;
				CLANG_WARN_COMMA = YES;
				CLANG_WARN_CONSTANT_CONVERSION = YES;
				CLANG_WARN_DEPRECATED_OBJC_IMPLEMENTATIONS = YES;
				CLANG_WARN_DIRECT_OBJC_ISA_USAGE = YES_ERROR;
				CLANG_WARN_DOCUMENTATION_COMMENTS = YES;
				CLANG_WARN_EMPTY_BODY = YES;
				CLANG_WARN_ENUM_CONVERSION = YES;
				CLANG_WARN_INFINITE_RECURSION = YES;
				CLANG_WARN_INT_CONVERSION = YES;
				CLANG_WARN_NON_LITERAL_NULL_CONVERSION = YES;
				CLANG_WARN_OBJC_IMPLICIT_RETAIN_SELF = YES;
				CLANG_WARN_OBJC_LITERAL_CONVERSION = YES;
				CLANG_WARN_OBJC_ROOT_CLASS = YES_ERROR;
				CLANG_WARN_QUOTED_INCLUDE_IN_FRAMEWORK_HEADER = YES;
				CLANG_WARN_RANGE_LOOP_ANALYSIS = YES;
				CLANG_WARN_STRICT_PROTOTYPES = YES;
				CLANG_WARN_SUSPICIOUS_MOVE = YES;
				CLANG_WARN_UNGUARDED_AVAILABILITY = YES_AGGRESSIVE;
				CLANG_WARN_UNREACHABLE_CODE = YES;
				CLANG_WARN__DUPLICATE_METHOD_MATCH = YES;
				COPY_PHASE_STRIP = NO;
				DEBUG_INFORMATION_FORMAT = dwarf;
				ENABLE_STRICT_OBJC_MSGSEND = YES;
				ENABLE_TESTABILITY = YES;
				GCC_C_LANGUAGE_STANDARD = gnu11;
				GCC_DYNAMIC_NO_PIC = NO;
				GCC_NO_COMMON_BLOCKS = YES;
				GCC_OPTIMIZATION_LEVEL = 0;
				GCC_PREPROCESSOR_DEFINITIONS = (
					"DEBUG=1",
					"$(inherited)",
				);
				GCC_WARN_64_TO_32_BIT_CONVERSION = YES;
				GCC_WARN_ABOUT_RETURN_TYPE = YES_ERROR;
				GCC_WARN_UNDECLARED_SELECTOR = YES;
				GCC_WARN_UNINITIALIZED_AUTOS = YES_AGGRESSIVE;
				GCC_WARN_UNUSED_FUNCTION = YES;
				GCC_WARN_UNUSED_VARIABLE = YES;
				IPHONEOS_DEPLOYMENT_TARGET = 16.2;
				MTL_ENABLE_DEBUG_INFO = INCLUDE_SOURCE;
				MTL_FAST_MATH = YES;
				ONLY_ACTIVE_ARCH = YES;
				SDKROOT = iphoneos;
				SWIFT_ACTIVE_COMPILATION_CONDITIONS = DEBUG;
				SWIFT_OPTIMIZATION_LEVEL = "-Onone";
			};
			name = Debug;
		};
		B3FA81D729DD61BF00F8833A /* Release */ = {
			isa = XCBuildConfiguration;
			buildSettings = {
				ALWAYS_SEARCH_USER_PATHS = NO;
				CLANG_ANALYZER_NONNULL = YES;
				CLANG_ANALYZER_NUMBER_OBJECT_CONVERSION = YES_AGGRESSIVE;
				CLANG_CXX_LANGUAGE_STANDARD = "gnu++20";
				CLANG_ENABLE_MODULES = YES;
				CLANG_ENABLE_OBJC_ARC = YES;
				CLANG_ENABLE_OBJC_WEAK = YES;
				CLANG_WARN_BLOCK_CAPTURE_AUTORELEASING = YES;
				CLANG_WARN_BOOL_CONVERSION = YES;
				CLANG_WARN_COMMA = YES;
				CLANG_WARN_CONSTANT_CONVERSION = YES;
				CLANG_WARN_DEPRECATED_OBJC_IMPLEMENTATIONS = YES;
				CLANG_WARN_DIRECT_OBJC_ISA_USAGE = YES_ERROR;
				CLANG_WARN_DOCUMENTATION_COMMENTS = YES;
				CLANG_WARN_EMPTY_BODY = YES;
				CLANG_WARN_ENUM_CONVERSION = YES;
				CLANG_WARN_INFINITE_RECURSION = YES;
				CLANG_WARN_INT_CONVERSION = YES;
				CLANG_WARN_NON_LITERAL_NULL_CONVERSION = YES;
				CLANG_WARN_OBJC_IMPLICIT_RETAIN_SELF = YES;
				CLANG_WARN_OBJC_LITERAL_CONVERSION = YES;
				CLANG_WARN_OBJC_ROOT_CLASS = YES_ERROR;
				CLANG_WARN_QUOTED_INCLUDE_IN_FRAMEWORK_HEADER = YES;
				CLANG_WARN_RANGE_LOOP_ANALYSIS = YES;
				CLANG_WARN_STRICT_PROTOTYPES = YES;
				CLANG_WARN_SUSPICIOUS_MOVE = YES;
				CLANG_WARN_UNGUARDED_AVAILABILITY = YES_AGGRESSIVE;
				CLANG_WARN_UNREACHABLE_CODE = YES;
				CLANG_WARN__DUPLICATE_METHOD_MATCH = YES;
				COPY_PHASE_STRIP = NO;
				DEBUG_INFORMATION_FORMAT = "dwarf-with-dsym";
				ENABLE_NS_ASSERTIONS = NO;
				ENABLE_STRICT_OBJC_MSGSEND = YES;
				GCC_C_LANGUAGE_STANDARD = gnu11;
				GCC_NO_COMMON_BLOCKS = YES;
				GCC_WARN_64_TO_32_BIT_CONVERSION = YES;
				GCC_WARN_ABOUT_RETURN_TYPE = YES_ERROR;
				GCC_WARN_UNDECLARED_SELECTOR = YES;
				GCC_WARN_UNINITIALIZED_AUTOS = YES_AGGRESSIVE;
				GCC_WARN_UNUSED_FUNCTION = YES;
				GCC_WARN_UNUSED_VARIABLE = YES;
				IPHONEOS_DEPLOYMENT_TARGET = 16.2;
				MTL_ENABLE_DEBUG_INFO = NO;
				MTL_FAST_MATH = YES;
				SDKROOT = iphoneos;
				SWIFT_COMPILATION_MODE = wholemodule;
				SWIFT_OPTIMIZATION_LEVEL = "-O";
				VALIDATE_PRODUCT = YES;
			};
			name = Release;
		};
		B3FA81D929DD61BF00F8833A /* Debug */ = {
			isa = XCBuildConfiguration;
			buildSettings = {
				ASSETCATALOG_COMPILER_APPICON_NAME = AppIcon;
				ASSETCATALOG_COMPILER_GLOBAL_ACCENT_COLOR_NAME = AccentColor;
				CODE_SIGN_STYLE = Automatic;
				CURRENT_PROJECT_VERSION = 1;
				DEVELOPMENT_ASSET_PATHS = "\"Mute and Send/Preview Content\"";
				DEVELOPMENT_TEAM = RPM74Y7QUM;
				ENABLE_PREVIEWS = YES;
				GENERATE_INFOPLIST_FILE = YES;
				INFOPLIST_KEY_UIApplicationSceneManifest_Generation = YES;
				INFOPLIST_KEY_UIApplicationSupportsIndirectInputEvents = YES;
				INFOPLIST_KEY_UILaunchScreen_Generation = YES;
				INFOPLIST_KEY_UISupportedInterfaceOrientations_iPad = "UIInterfaceOrientationPortrait UIInterfaceOrientationPortraitUpsideDown UIInterfaceOrientationLandscapeLeft UIInterfaceOrientationLandscapeRight";
				INFOPLIST_KEY_UISupportedInterfaceOrientations_iPhone = "UIInterfaceOrientationPortrait UIInterfaceOrientationLandscapeLeft UIInterfaceOrientationLandscapeRight";
				LD_RUNPATH_SEARCH_PATHS = (
					"$(inherited)",
					"@executable_path/Frameworks",
				);
				MARKETING_VERSION = 1.0;
				PRODUCT_BUNDLE_IDENTIFIER = "wqr.Mute-and-Send";
				PRODUCT_NAME = "$(TARGET_NAME)";
				SWIFT_EMIT_LOC_STRINGS = YES;
				SWIFT_VERSION = 5.0;
				TARGETED_DEVICE_FAMILY = "1,2";
			};
			name = Debug;
		};
		B3FA81DA29DD61BF00F8833A /* Release */ = {
			isa = XCBuildConfiguration;
			buildSettings = {
				ASSETCATALOG_COMPILER_APPICON_NAME = AppIcon;
				ASSETCATALOG_COMPILER_GLOBAL_ACCENT_COLOR_NAME = AccentColor;
				CODE_SIGN_STYLE = Automatic;
				CURRENT_PROJECT_VERSION = 1;
				DEVELOPMENT_ASSET_PATHS = "\"Mute and Send/Preview Content\"";
				DEVELOPMENT_TEAM = RPM74Y7QUM;
				ENABLE_PREVIEWS = YES;
				GENERATE_INFOPLIST_FILE = YES;
				INFOPLIST_KEY_UIApplicationSceneManifest_Generation = YES;
				INFOPLIST_KEY_UIApplicationSupportsIndirectInputEvents = YES;
				INFOPLIST_KEY_UILaunchScreen_Generation = YES;
				INFOPLIST_KEY_UISupportedInterfaceOrientations_iPad = "UIInterfaceOrientationPortrait UIInterfaceOrientationPortraitUpsideDown UIInterfaceOrientationLandscapeLeft UIInterfaceOrientationLandscapeRight";
				INFOPLIST_KEY_UISupportedInterfaceOrientations_iPhone = "UIInterfaceOrientationPortrait UIInterfaceOrientationLandscapeLeft UIInterfaceOrientationLandscapeRight";
				LD_RUNPATH_SEARCH_PATHS = (
					"$(inherited)",
					"@executable_path/Frameworks",
				);
				MARKETING_VERSION = 1.0;
				PRODUCT_BUNDLE_IDENTIFIER = "wqr.Mute-and-Send";
				PRODUCT_NAME = "$(TARGET_NAME)";
				SWIFT_EMIT_LOC_STRINGS = YES;
				SWIFT_VERSION = 5.0;
				TARGETED_DEVICE_FAMILY = "1,2";
			};
			name = Release;
		};
/* End XCBuildConfiguration section */

/* Begin XCConfigurationList section */
		B3FA81C529DD61BD00F8833A /* Build configuration list for PBXProject "Mute and Send" */ = {
			isa = XCConfigurationList;
			buildConfigurations = (
				B3FA81D629DD61BF00F8833A /* Debug */,
				B3FA81D729DD61BF00F8833A /* Release */,
			);
			defaultConfigurationIsVisible = 0;
			defaultConfigurationName = Release;
		};
		B3FA81D829DD61BF00F8833A /* Build configuration list for PBXNativeTarget "Mute and Send" */ = {
			isa = XCConfigurationList;
			buildConfigurations = (
				B3FA81D929DD61BF00F8833A /* Debug */,
				B3FA81DA29DD61BF00F8833A /* Release */,
			);
			defaultConfigurationIsVisible = 0;
			defaultConfigurationName = Release;
		};
/* End XCConfigurationList section */
	};
	rootObject = B3FA81C229DD61BD00F8833A /* Project object */;
}
